{
    "_readme": [
        "This file locks the dependencies of your project to a known state",
        "Read more about it at http://getcomposer.org/doc/01-basic-usage.md#composer-lock-the-lock-file"
    ],
    "hash": "7691469ea588be4e092321ad09227e5e",
    "packages": [
        {
            "name": "hashids/hashids",
            "version": "dev-master",
            "source": {
                "type": "git",
                "url": "https://github.com/ivanakimov/hashids.php.git",
                "reference": "6bc5e99a9d7f3aa09eb1b4ada2189fbf882abdf0"
            },
            "dist": {
                "type": "zip",
                "url": "https://api.github.com/repos/ivanakimov/hashids.php/zipball/6bc5e99a9d7f3aa09eb1b4ada2189fbf882abdf0",
                "reference": "6bc5e99a9d7f3aa09eb1b4ada2189fbf882abdf0",
                "shasum": ""
            },
            "require": {
                "php": ">=5.3.0"
            },
            "require-dev": {
                "phpunit/phpunit": "3.7.*"
            },
            "type": "library",
            "extra": {
                "branch-alias": {
                    "dev-master": "0.3.x-dev"
                }
            },
            "autoload": {
                "psr-0": {
                    "Hashids": "lib/"
                }
            },
            "notification-url": "https://packagist.org/downloads/",
            "license": [
                "MIT"
            ],
            "authors": [
                {
                    "name": "Ivan Akimov",
                    "email": "ivan@barreleye.com",
                    "homepage": "https://twitter.com/ivanakimov",
                    "role": "Developer"
                }
            ],
            "description": "Generate hashes like YouTube or Bitly from numbers to obfuscate your database IDs, or navigate to the right shard.",
            "homepage": "http://www.hashids.org/php/",
            "keywords": [
                "bitly",
                "decrypt",
                "encrypt",
                "hash",
                "hashids",
                "ids",
                "obfuscate",
                "youtube"
            ],
            "time": "2014-01-08 00:03:57"
        },
        {
            "name": "illuminate/support",
            "version": "v4.1.28",
            "target-dir": "Illuminate/Support",
            "source": {
                "type": "git",
                "url": "https://github.com/illuminate/support.git",
                "reference": "69b248f240719e8d764ee6ec0384819fa57d60bb"
            },
            "dist": {
                "type": "zip",
                "url": "https://api.github.com/repos/illuminate/support/zipball/69b248f240719e8d764ee6ec0384819fa57d60bb",
                "reference": "69b248f240719e8d764ee6ec0384819fa57d60bb",
                "shasum": ""
            },
            "require": {
                "php": ">=5.3.0"
            },
            "require-dev": {
                "jeremeamia/superclosure": "1.0.*",
                "mockery/mockery": "0.9.*",
                "patchwork/utf8": "1.1.*",
                "phpunit/phpunit": "4.0.*"
            },
            "type": "library",
            "extra": {
                "branch-alias": {
                    "dev-master": "4.1-dev"
                }
            },
            "autoload": {
                "psr-0": {
                    "Illuminate\\Support": ""
                },
                "files": [
                    "Illuminate/Support/helpers.php"
                ]
            },
            "notification-url": "https://packagist.org/downloads/",
            "license": [
                "MIT"
            ],
            "authors": [
                {
                    "name": "Taylor Otwell",
                    "email": "taylorotwell@gmail.com",
                    "homepage": "https://github.com/taylorotwell",
                    "role": "Creator of Laravel"
                }
            ],
            "time": "2014-03-22 20:29:54"
        }
    ],
    "packages-dev": [

    ],
    "aliases": [

    ],
    "minimum-stability": "stable",
    "stability-flags": {
        "hashids/hashids": 20
    },
    "platform": {
        "php": ">=5.4.0"
    },
    "platform-dev": [

    ]
}
